
Microsoft Visual Studio Solution File, Format Version 12.00
# Visual Studio Version 16
VisualStudioVersion = 16.0.31313.79
MinimumVisualStudioVersion = 10.0.40219.1
Project("{FAE04EC0-301F-11D3-BF4B-00C04F79EFBC}") = "TQL -Banking", "TQL -Banking\TQL -Banking.csproj", "{2C6CB88F-7B5A-4FDD-A538-F49CDEFF4D89}"
EndProject
Global
	GlobalSection(SolutionConfigurationPlatforms) = preSolution
		Debug|Any CPU = Debug|Any CPU
		Release|Any CPU = Release|Any CPU
	EndGlobalSection
	GlobalSection(ProjectConfigurationPlatforms) = postSolution
		{2C6CB88F-7B5A-4FDD-A538-F49CDEFF4D89}.Debug|Any CPU.ActiveCfg = Debug|Any CPU
		{2C6CB88F-7B5A-4FDD-A538-F49CDEFF4D89}.Debug|Any CPU.Build.0 = Debug|Any CPU
		{2C6CB88F-7B5A-4FDD-A538-F49CDEFF4D89}.Release|Any CPU.ActiveCfg = Release|Any CPU
		{2C6CB88F-7B5A-4FDD-A538-F49CDEFF4D89}.Release|Any CPU.Build.0 = Release|Any CPU
	EndGlobalSection
	GlobalSection(SolutionProperties) = preSolution
		HideSolutionNode = FALSE
	EndGlobalSection
	GlobalSection(ExtensibilityGlobals) = postSolution
		SolutionGuid = {6CEFE968-FA86-4F96-8CA0-66C2BE078A92}
	EndGlobalSection
EndGlobal
